
Microsoft Visual Studio Solution File, Format Version 12.00
# Visual Studio Version 16
VisualStudioVersion = 16.0.31129.286
MinimumVisualStudioVersion = 10.0.40219.1
Project("{FAE04EC0-301F-11D3-BF4B-00C04F79EFBC}") = "NUnit-TestforSchoolDatabase", "NUnit-TestforSchoolDatabase\NUnit-TestforSchoolDatabase.csproj", "{F4D861BE-9B0C-457A-975A-DE78490E6150}"
EndProject
Project("{FAE04EC0-301F-11D3-BF4B-00C04F79EFBC}") = "SchoolDatabase", "SchoolDatabase\SchoolDatabase.csproj", "{0D29ED84-1487-48D8-B1EB-C42A4DCD8FE9}"
EndProject
Global
	GlobalSection(SolutionConfigurationPlatforms) = preSolution
		Debug|Any CPU = Debug|Any CPU
		Release|Any CPU = Release|Any CPU
	EndGlobalSection
	GlobalSection(ProjectConfigurationPlatforms) = postSolution
		{F4D861BE-9B0C-457A-975A-DE78490E6150}.Debug|Any CPU.ActiveCfg = Debug|Any CPU
		{F4D861BE-9B0C-457A-975A-DE78490E6150}.Debug|Any CPU.Build.0 = Debug|Any CPU
		{F4D861BE-9B0C-457A-975A-DE78490E6150}.Release|Any CPU.ActiveCfg = Release|Any CPU
		{F4D861BE-9B0C-457A-975A-DE78490E6150}.Release|Any CPU.Build.0 = Release|Any CPU
		{0D29ED84-1487-48D8-B1EB-C42A4DCD8FE9}.Debug|Any CPU.ActiveCfg = Debug|Any CPU
		{0D29ED84-1487-48D8-B1EB-C42A4DCD8FE9}.Debug|Any CPU.Build.0 = Debug|Any CPU
		{0D29ED84-1487-48D8-B1EB-C42A4DCD8FE9}.Release|Any CPU.ActiveCfg = Release|Any CPU
		{0D29ED84-1487-48D8-B1EB-C42A4DCD8FE9}.Release|Any CPU.Build.0 = Release|Any CPU
	EndGlobalSection
	GlobalSection(SolutionProperties) = preSolution
		HideSolutionNode = FALSE
	EndGlobalSection
	GlobalSection(ExtensibilityGlobals) = postSolution
		SolutionGuid = {0E8B4386-F4EB-4A98-8665-BEE578357CD4}
	EndGlobalSection
EndGlobal
